// !$*UTF8*$!
{
	archiveVersion = 1;
	classes = {
	};
	objectVersion = 50;
	objects = {

/* Begin PBXBuildFile section */
		F177F45E2170EA6700229427 /* AppDelegate.swift in Sources */ = {isa = PBXBuildFile; fileRef = F177F45D2170EA6700229427 /* AppDelegate.swift */; };
		F177F4602170EA6700229427 /* CategoriesVC.swift in Sources */ = {isa = PBXBuildFile; fileRef = F177F45F2170EA6700229427 /* CategoriesVC.swift */; };
		F177F4632170EA6700229427 /* Main.storyboard in Resources */ = {isa = PBXBuildFile; fileRef = F177F4612170EA6700229427 /* Main.storyboard */; };
		F177F4652170EA6800229427 /* Assets.xcassets in Resources */ = {isa = PBXBuildFile; fileRef = F177F4642170EA6800229427 /* Assets.xcassets */; };
		F177F4682170EA6800229427 /* LaunchScreen.storyboard in Resources */ = {isa = PBXBuildFile; fileRef = F177F4662170EA6800229427 /* LaunchScreen.storyboard */; };
		F177F4732170EEDF00229427 /* CategoryCell.swift in Sources */ = {isa = PBXBuildFile; fileRef = F177F4722170EEDF00229427 /* CategoryCell.swift */; };
		F177F4752171E46200229427 /* Category.swift in Sources */ = {isa = PBXBuildFile; fileRef = F177F4742171E46200229427 /* Category.swift */; };
		F177F4782171E8D500229427 /* DataService.swift in Sources */ = {isa = PBXBuildFile; fileRef = F177F4772171E8D500229427 /* DataService.swift */; };
		F177F47A21722D9200229427 /* ProductCell.swift in Sources */ = {isa = PBXBuildFile; fileRef = F177F47921722D9200229427 /* ProductCell.swift */; };
/* End PBXBuildFile section */

/* Begin PBXFileReference section */
		F177F45A2170EA6700229427 /* coder-swag.app */ = {isa = PBXFileReference; explicitFileType = wrapper.application; includeInIndex = 0; path = "coder-swag.app"; sourceTree = BUILT_PRODUCTS_DIR; };
		F177F45D2170EA6700229427 /* AppDelegate.swift */ = {isa = PBXFileReference; lastKnownFileType = sourcecode.swift; path = AppDelegate.swift; sourceTree = "<group>"; };
		F177F45F2170EA6700229427 /* CategoriesVC.swift */ = {isa = PBXFileReference; lastKnownFileType = sourcecode.swift; path = CategoriesVC.swift; sourceTree = "<group>"; };
		F177F4622170EA6700229427 /* Base */ = {isa = PBXFileReference; lastKnownFileType = file.storyboard; name = Base; path = Base.lproj/Main.storyboard; sourceTree = "<group>"; };
		F177F4642170EA6800229427 /* Assets.xcassets */ = {isa = PBXFileReference; lastKnownFileType = folder.assetcatalog; path = Assets.xcassets; sourceTree = "<group>"; };
		F177F4672170EA6800229427 /* Base */ = {isa = PBXFileReference; lastKnownFileType = file.storyboard; name = Base; path = Base.lproj/LaunchScreen.storyboard; sourceTree = "<group>"; };
		F177F4692170EA6800229427 /* Info.plist */ = {isa = PBXFileReference; lastKnownFileType = text.plist.xml; path = Info.plist; sourceTree = "<group>"; };
		F177F4722170EEDF00229427 /* CategoryCell.swift */ = {isa = PBXFileReference; lastKnownFileType = sourcecode.swift; path = CategoryCell.swift; sourceTree = "<group>"; };
		F177F4742171E46200229427 /* Category.swift */ = {isa = PBXFileReference; lastKnownFileType = sourcecode.swift; path = Category.swift; sourceTree = "<group>"; };
		F177F4772171E8D500229427 /* DataService.swift */ = {isa = PBXFileReference; lastKnownFileType = sourcecode.swift; path = DataService.swift; sourceTree = "<group>"; };
		F177F47921722D9200229427 /* ProductCell.swift */ = {isa = PBXFileReference; lastKnownFileType = sourcecode.swift; path = ProductCell.swift; sourceTree = "<group>"; };
/* End PBXFileReference section */

/* Begin PBXFrameworksBuildPhase section */
		F177F4572170EA6700229427 /* Frameworks */ = {
			isa = PBXFrameworksBuildPhase;
			buildActionMask = 2147483647;
			files = (
			);
			runOnlyForDeploymentPostprocessing = 0;
		};
/* End PBXFrameworksBuildPhase section */

/* Begin PBXGroup section */
		F177F4512170EA6700229427 = {
			isa = PBXGroup;
			children = (
				F177F45C2170EA6700229427 /* coder-swag */,
				F177F45B2170EA6700229427 /* Products */,
			);
			sourceTree = "<group>";
		};
		F177F45B2170EA6700229427 /* Products */ = {
			isa = PBXGroup;
			children = (
				F177F45A2170EA6700229427 /* coder-swag.app */,
			);
			name = Products;
			sourceTree = "<group>";
		};
		F177F45C2170EA6700229427 /* coder-swag */ = {
			isa = PBXGroup;
			children = (
				F177F4762171E8C900229427 /* Services */,
				F177F4702170EEA100229427 /* Model */,
				F177F4712170EEA900229427 /* View */,
				F177F46F2170EADA00229427 /* Controller */,
				F177F45D2170EA6700229427 /* AppDelegate.swift */,
				F177F4612170EA6700229427 /* Main.storyboard */,
				F177F4642170EA6800229427 /* Assets.xcassets */,
				F177F4662170EA6800229427 /* LaunchScreen.storyboard */,
				F177F4692170EA6800229427 /* Info.plist */,
			);
			path = "coder-swag";
			sourceTree = "<group>";
		};
		F177F46F2170EADA00229427 /* Controller */ = {
			isa = PBXGroup;
			children = (
				F177F45F2170EA6700229427 /* CategoriesVC.swift */,
			);
			path = Controller;
			sourceTree = "<group>";
		};
		F177F4702170EEA100229427 /* Model */ = {
			isa = PBXGroup;
			children = (
				F177F4742171E46200229427 /* Category.swift */,
			);
			path = Model;
			sourceTree = "<group>";
		};
		F177F4712170EEA900229427 /* View */ = {
			isa = PBXGroup;
			children = (
				F177F4722170EEDF00229427 /* CategoryCell.swift */,
				F177F47921722D9200229427 /* ProductCell.swift */,
			);
			path = View;
			sourceTree = "<group>";
		};
		F177F4762171E8C900229427 /* Services */ = {
			isa = PBXGroup;
			children = (
				F177F4772171E8D500229427 /* DataService.swift */,
			);
			path = Services;
			sourceTree = "<group>";
		};
/* End PBXGroup section */

/* Begin PBXNativeTarget section */
		F177F4592170EA6700229427 /* coder-swag */ = {
			isa = PBXNativeTarget;
			buildConfigurationList = F177F46C2170EA6800229427 /* Build configuration list for PBXNativeTarget "coder-swag" */;
			buildPhases = (
				F177F4562170EA6700229427 /* Sources */,
				F177F4572170EA6700229427 /* Frameworks */,
				F177F4582170EA6700229427 /* Resources */,
			);
			buildRules = (
			);
			dependencies = (
			);
			name = "coder-swag";
			productName = "coder-swag";
			productReference = F177F45A2170EA6700229427 /* coder-swag.app */;
			productType = "com.apple.product-type.application";
		};
/* End PBXNativeTarget section */

/* Begin PBXProject section */
		F177F4522170EA6700229427 /* Project object */ = {
			isa = PBXProject;
			attributes = {
				LastSwiftUpdateCheck = 1000;
				LastUpgradeCheck = 1000;
				ORGANIZATIONNAME = Finastra;
				TargetAttributes = {
					F177F4592170EA6700229427 = {
						CreatedOnToolsVersion = 10.0;
					};
				};
			};
			buildConfigurationList = F177F4552170EA6700229427 /* Build configuration list for PBXProject "coder-swag" */;
			compatibilityVersion = "Xcode 9.3";
			developmentRegion = en;
			hasScannedForEncodings = 0;
			knownRegions = (
				en,
				Base,
			);
			mainGroup = F177F4512170EA6700229427;
			productRefGroup = F177F45B2170EA6700229427 /* Products */;
			projectDirPath = "";
			projectRoot = "";
			targets = (
				F177F4592170EA6700229427 /* coder-swag */,
			);
		};
/* End PBXProject section */

/* Begin PBXResourcesBuildPhase section */
		F177F4582170EA6700229427 /* Resources */ = {
			isa = PBXResourcesBuildPhase;
			buildActionMask = 2147483647;
			files = (
				F177F4682170EA6800229427 /* LaunchScreen.storyboard in Resources */,
				F177F4652170EA6800229427 /* Assets.xcassets in Resources */,
				F177F4632170EA6700229427 /* Main.storyboard in Resources */,
			);
			runOnlyForDeploymentPostprocessing = 0;
		};
/* End PBXResourcesBuildPhase section */

/* Begin PBXSourcesBuildPhase section */
		F177F4562170EA6700229427 /* Sources */ = {
			isa = PBXSourcesBuildPhase;
			buildActionMask = 2147483647;
			files = (
				F177F4602170EA6700229427 /* CategoriesVC.swift in Sources */,
				F177F45E2170EA6700229427 /* AppDelegate.swift in Sources */,
				F177F4732170EEDF00229427 /* CategoryCell.swift in Sources */,
				F177F47A21722D9200229427 /* ProductCell.swift in Sources */,
				F177F4752171E46200229427 /* Category.swift in Sources */,
				F177F4782171E8D500229427 /* DataService.swift in Sources */,
			);
			runOnlyForDeploymentPostprocessing = 0;
		};
/* End PBXSourcesBuildPhase section */

/* Begin PBXVariantGroup section */
		F177F4612170EA6700229427 /* Main.storyboard */ = {
			isa = PBXVariantGroup;
			children = (
				F177F4622170EA6700229427 /* Base */,
			);
			name = Main.storyboard;
			sourceTree = "<group>";
		};
		F177F4662170EA6800229427 /* LaunchScreen.storyboard */ = {
			isa = PBXVariantGroup;
			children = (
				F177F4672170EA6800229427 /* Base */,
			);
			name = LaunchScreen.storyboard;
			sourceTree = "<group>";
		};
/* End PBXVariantGroup section */

/* Begin XCBuildConfiguration section */
		F177F46A2170EA6800229427 /* Debug */ = {
			isa = XCBuildConfiguration;
			buildSettings = {
				ALWAYS_SEARCH_USER_PATHS = NO;
				CLANG_ANALYZER_NONNULL = YES;
				CLANG_ANALYZER_NUMBER_OBJECT_CONVERSION = YES_AGGRESSIVE;
				CLANG_CXX_LANGUAGE_STANDARD = "gnu++14";
				CLANG_CXX_LIBRARY = "libc++";
				CLANG_ENABLE_MODULES = YES;
				CLANG_ENABLE_OBJC_ARC = YES;
				CLANG_ENABLE_OBJC_WEAK = YES;
				CLANG_WARN_BLOCK_CAPTURE_AUTORELEASING = YES;
				CLANG_WARN_BOOL_CONVERSION = YES;
				CLANG_WARN_COMMA = YES;
				CLANG_WARN_CONSTANT_CONVERSION = YES;
				CLANG_WARN_DEPRECATED_OBJC_IMPLEMENTATIONS = YES;
				CLANG_WARN_DIRECT_OBJC_ISA_USAGE = YES_ERROR;
				CLANG_WARN_DOCUMENTATION_COMMENTS = YES;
				CLANG_WARN_EMPTY_BODY = YES;
				CLANG_WARN_ENUM_CONVERSION = YES;
				CLANG_WARN_INFINITE_RECURSION = YES;
				CLANG_WARN_INT_CONVERSION = YES;
				CLANG_WARN_NON_LITERAL_NULL_CONVERSION = YES;
				CLANG_WARN_OBJC_IMPLICIT_RETAIN_SELF = YES;
				CLANG_WARN_OBJC_LITERAL_CONVERSION = YES;
				CLANG_WARN_OBJC_ROOT_CLASS = YES_ERROR;
				CLANG_WARN_RANGE_LOOP_ANALYSIS = YES;
				CLANG_WARN_STRICT_PROTOTYPES = YES;
				CLANG_WARN_SUSPICIOUS_MOVE = YES;
				CLANG_WARN_UNGUARDED_AVAILABILITY = YES_AGGRESSIVE;
				CLANG_WARN_UNREACHABLE_CODE = YES;
				CLANG_WARN__DUPLICATE_METHOD_MATCH = YES;
				CODE_SIGN_IDENTITY = "iPhone Developer";
				COPY_PHASE_STRIP = NO;
				DEBUG_INFORMATION_FORMAT = dwarf;
				ENABLE_STRICT_OBJC_MSGSEND = YES;
				ENABLE_TESTABILITY = YES;
				GCC_C_LANGUAGE_STANDARD = gnu11;
				GCC_DYNAMIC_NO_PIC = NO;
				GCC_NO_COMMON_BLOCKS = YES;
				GCC_OPTIMIZATION_LEVEL = 0;
				GCC_PREPROCESSOR_DEFINITIONS = (
					"DEBUG=1",
					"$(inherited)",
				);
				GCC_WARN_64_TO_32_BIT_CONVERSION = YES;
				GCC_WARN_ABOUT_RETURN_TYPE = YES_ERROR;
				GCC_WARN_UNDECLARED_SELECTOR = YES;
				GCC_WARN_UNINITIALIZED_AUTOS = YES_AGGRESSIVE;
				GCC_WARN_UNUSED_FUNCTION = YES;
				GCC_WARN_UNUSED_VARIABLE = YES;
				IPHONEOS_DEPLOYMENT_TARGET = 12.0;
				MTL_ENABLE_DEBUG_INFO = INCLUDE_SOURCE;
				MTL_FAST_MATH = YES;
				ONLY_ACTIVE_ARCH = YES;
				SDKROOT = iphoneos;
				SWIFT_ACTIVE_COMPILATION_CONDITIONS = DEBUG;
				SWIFT_OPTIMIZATION_LEVEL = "-Onone";
			};
			name = Debug;
		};
		F177F46B2170EA6800229427 /* Release */ = {
			isa = XCBuildConfiguration;
			buildSettings = {
				ALWAYS_SEARCH_USER_PATHS = NO;
				CLANG_ANALYZER_NONNULL = YES;
				CLANG_ANALYZER_NUMBER_OBJECT_CONVERSION = YES_AGGRESSIVE;
				CLANG_CXX_LANGUAGE_STANDARD = "gnu++14";
				CLANG_CXX_LIBRARY = "libc++";
				CLANG_ENABLE_MODULES = YES;
				CLANG_ENABLE_OBJC_ARC = YES;
				CLANG_ENABLE_OBJC_WEAK = YES;
				CLANG_WARN_BLOCK_CAPTURE_AUTORELEASING = YES;
				CLANG_WARN_BOOL_CONVERSION = YES;
				CLANG_WARN_COMMA = YES;
				CLANG_WARN_CONSTANT_CONVERSION = YES;
				CLANG_WARN_DEPRECATED_OBJC_IMPLEMENTATIONS = YES;
				CLANG_WARN_DIRECT_OBJC_ISA_USAGE = YES_ERROR;
				CLANG_WARN_DOCUMENTATION_COMMENTS = YES;
				CLANG_WARN_EMPTY_BODY = YES;
				CLANG_WARN_ENUM_CONVERSION = YES;
				CLANG_WARN_INFINITE_RECURSION = YES;
				CLANG_WARN_INT_CONVERSION = YES;
				CLANG_WARN_NON_LITERAL_NULL_CONVERSION = YES;
				CLANG_WARN_OBJC_IMPLICIT_RETAIN_SELF = YES;
				CLANG_WARN_OBJC_LITERAL_CONVERSION = YES;
				CLANG_WARN_OBJC_ROOT_CLASS = YES_ERROR;
				CLANG_WARN_RANGE_LOOP_ANALYSIS = YES;
				CLANG_WARN_STRICT_PROTOTYPES = YES;
				CLANG_WARN_SUSPICIOUS_MOVE = YES;
				CLANG_WARN_UNGUARDED_AVAILABILITY = YES_AGGRESSIVE;
				CLANG_WARN_UNREACHABLE_CODE = YES;
				CLANG_WARN__DUPLICATE_METHOD_MATCH = YES;
				CODE_SIGN_IDENTITY = "iPhone Developer";
				COPY_PHASE_STRIP = NO;
				DEBUG_INFORMATION_FORMAT = "dwarf-with-dsym";
				ENABLE_NS_ASSERTIONS = NO;
				ENABLE_STRICT_OBJC_MSGSEND = YES;
				GCC_C_LANGUAGE_STANDARD = gnu11;
				GCC_NO_COMMON_BLOCKS = YES;
				GCC_WARN_64_TO_32_BIT_CONVERSION = YES;
				GCC_WARN_ABOUT_RETURN_TYPE = YES_ERROR;
				GCC_WARN_UNDECLARED_SELECTOR = YES;
				GCC_WARN_UNINITIALIZED_AUTOS = YES_AGGRESSIVE;
				GCC_WARN_UNUSED_FUNCTION = YES;
				GCC_WARN_UNUSED_VARIABLE = YES;
				IPHONEOS_DEPLOYMENT_TARGET = 12.0;
				MTL_ENABLE_DEBUG_INFO = NO;
				MTL_FAST_MATH = YES;
				SDKROOT = iphoneos;
				SWIFT_COMPILATION_MODE = wholemodule;
				SWIFT_OPTIMIZATION_LEVEL = "-O";
				VALIDATE_PRODUCT = YES;
			};
			name = Release;
		};
		F177F46D2170EA6800229427 /* Debug */ = {
			isa = XCBuildConfiguration;
			buildSettings = {
				ASSETCATALOG_COMPILER_APPICON_NAME = AppIcon;
				CODE_SIGN_STYLE = Automatic;
				DEVELOPMENT_TEAM = C6J7BBYKDN;
				INFOPLIST_FILE = "coder-swag/Info.plist";
				LD_RUNPATH_SEARCH_PATHS = (
					"$(inherited)",
					"@executable_path/Frameworks",
				);
				PRODUCT_BUNDLE_IDENTIFIER = "com.mhorvath.coder-swag";
				PRODUCT_NAME = "$(TARGET_NAME)";
				SWIFT_VERSION = 4.2;
				TARGETED_DEVICE_FAMILY = "1,2";
			};
			name = Debug;
		};
		F177F46E2170EA6800229427 /* Release */ = {
			isa = XCBuildConfiguration;
			buildSettings = {
				ASSETCATALOG_COMPILER_APPICON_NAME = AppIcon;
				CODE_SIGN_STYLE = Automatic;
				DEVELOPMENT_TEAM = C6J7BBYKDN;
				INFOPLIST_FILE = "coder-swag/Info.plist";
				LD_RUNPATH_SEARCH_PATHS = (
					"$(inherited)",
					"@executable_path/Frameworks",
				);
				PRODUCT_BUNDLE_IDENTIFIER = "com.mhorvath.coder-swag";
				PRODUCT_NAME = "$(TARGET_NAME)";
				SWIFT_VERSION = 4.2;
				TARGETED_DEVICE_FAMILY = "1,2";
			};
			name = Release;
		};
/* End XCBuildConfiguration section */

/* Begin XCConfigurationList section */
		F177F4552170EA6700229427 /* Build configuration list for PBXProject "coder-swag" */ = {
			isa = XCConfigurationList;
			buildConfigurations = (
				F177F46A2170EA6800229427 /* Debug */,
				F177F46B2170EA6800229427 /* Release */,
			);
			defaultConfigurationIsVisible = 0;
			defaultConfigurationName = Release;
		};
		F177F46C2170EA6800229427 /* Build configuration list for PBXNativeTarget "coder-swag" */ = {
			isa = XCConfigurationList;
			buildConfigurations = (
				F177F46D2170EA6800229427 /* Debug */,
				F177F46E2170EA6800229427 /* Release */,
			);
			defaultConfigurationIsVisible = 0;
			defaultConfigurationName = Release;
		};
/* End XCConfigurationList section */
	};
	rootObject = F177F4522170EA6700229427 /* Project object */;
}
